// !$*UTF8*$!
{
	archiveVersion = 1;
	classes = {
	};
	objectVersion = 46;
	objects = {

/* Begin PBXBuildFile section */
		DFCCDE041DB621A700FECF8A /* TestCell.m in Sources */ = {isa = PBXBuildFile; fileRef = DFCCDE021DB621A700FECF8A /* TestCell.m */; };
		DFCCDE051DB621A700FECF8A /* TestCell.xib in Resources */ = {isa = PBXBuildFile; fileRef = DFCCDE031DB621A700FECF8A /* TestCell.xib */; };
		DFCCDE091DB623A900FECF8A /* TestTableViewController.m in Sources */ = {isa = PBXBuildFile; fileRef = DFCCDE071DB623A900FECF8A /* TestTableViewController.m */; };
		DFCCDE0A1DB623A900FECF8A /* TestTableViewController.xib in Resources */ = {isa = PBXBuildFile; fileRef = DFCCDE081DB623A900FECF8A /* TestTableViewController.xib */; };
		DFCCDE131DB633BB00FECF8A /* YiCustomAlertView.m in Sources */ = {isa = PBXBuildFile; fileRef = DFCCDE121DB633BB00FECF8A /* YiCustomAlertView.m */; };
		DFFDEB2D1D86A9010098902B /* main.m in Sources */ = {isa = PBXBuildFile; fileRef = DFFDEB2C1D86A9010098902B /* main.m */; };
		DFFDEB301D86A9010098902B /* AppDelegate.m in Sources */ = {isa = PBXBuildFile; fileRef = DFFDEB2F1D86A9010098902B /* AppDelegate.m */; };
		DFFDEB331D86A9010098902B /* ViewController.m in Sources */ = {isa = PBXBuildFile; fileRef = DFFDEB321D86A9010098902B /* ViewController.m */; };
		DFFDEB361D86A9010098902B /* Main.storyboard in Resources */ = {isa = PBXBuildFile; fileRef = DFFDEB341D86A9010098902B /* Main.storyboard */; };
		DFFDEB381D86A9010098902B /* Assets.xcassets in Resources */ = {isa = PBXBuildFile; fileRef = DFFDEB371D86A9010098902B /* Assets.xcassets */; };
		DFFDEB3B1D86A9010098902B /* LaunchScreen.storyboard in Resources */ = {isa = PBXBuildFile; fileRef = DFFDEB391D86A9010098902B /* LaunchScreen.storyboard */; };
		DFFDEB441D86AB190098902B /* Person.m in Sources */ = {isa = PBXBuildFile; fileRef = DFFDEB431D86AB190098902B /* Person.m */; };
/* End PBXBuildFile section */

/* Begin PBXFileReference section */
		DFCCDE011DB621A700FECF8A /* TestCell.h */ = {isa = PBXFileReference; fileEncoding = 4; lastKnownFileType = sourcecode.c.h; path = TestCell.h; sourceTree = "<group>"; };
		DFCCDE021DB621A700FECF8A /* TestCell.m */ = {isa = PBXFileReference; fileEncoding = 4; lastKnownFileType = sourcecode.c.objc; path = TestCell.m; sourceTree = "<group>"; };
		DFCCDE031DB621A700FECF8A /* TestCell.xib */ = {isa = PBXFileReference; fileEncoding = 4; lastKnownFileType = file.xib; path = TestCell.xib; sourceTree = "<group>"; };
		DFCCDE061DB623A900FECF8A /* TestTableViewController.h */ = {isa = PBXFileReference; fileEncoding = 4; lastKnownFileType = sourcecode.c.h; path = TestTableViewController.h; sourceTree = "<group>"; };
		DFCCDE071DB623A900FECF8A /* TestTableViewController.m */ = {isa = PBXFileReference; fileEncoding = 4; lastKnownFileType = sourcecode.c.objc; path = TestTableViewController.m; sourceTree = "<group>"; };
		DFCCDE081DB623A900FECF8A /* TestTableViewController.xib */ = {isa = PBXFileReference; fileEncoding = 4; lastKnownFileType = file.xib; path = TestTableViewController.xib; sourceTree = "<group>"; };
		DFCCDE111DB633BB00FECF8A /* YiCustomAlertView.h */ = {isa = PBXFileReference; fileEncoding = 4; lastKnownFileType = sourcecode.c.h; path = YiCustomAlertView.h; sourceTree = "<group>"; };
		DFCCDE121DB633BB00FECF8A /* YiCustomAlertView.m */ = {isa = PBXFileReference; fileEncoding = 4; lastKnownFileType = sourcecode.c.objc; path = YiCustomAlertView.m; sourceTree = "<group>"; };
		DFFDEB281D86A9010098902B /* RuntimeDemo.app */ = {isa = PBXFileReference; explicitFileType = wrapper.application; includeInIndex = 0; path = RuntimeDemo.app; sourceTree = BUILT_PRODUCTS_DIR; };
		DFFDEB2C1D86A9010098902B /* main.m */ = {isa = PBXFileReference; lastKnownFileType = sourcecode.c.objc; path = main.m; sourceTree = "<group>"; };
		DFFDEB2E1D86A9010098902B /* AppDelegate.h */ = {isa = PBXFileReference; lastKnownFileType = sourcecode.c.h; path = AppDelegate.h; sourceTree = "<group>"; };
		DFFDEB2F1D86A9010098902B /* AppDelegate.m */ = {isa = PBXFileReference; lastKnownFileType = sourcecode.c.objc; path = AppDelegate.m; sourceTree = "<group>"; };
		DFFDEB311D86A9010098902B /* ViewController.h */ = {isa = PBXFileReference; lastKnownFileType = sourcecode.c.h; path = ViewController.h; sourceTree = "<group>"; };
		DFFDEB321D86A9010098902B /* ViewController.m */ = {isa = PBXFileReference; lastKnownFileType = sourcecode.c.objc; path = ViewController.m; sourceTree = "<group>"; };
		DFFDEB351D86A9010098902B /* Base */ = {isa = PBXFileReference; lastKnownFileType = file.storyboard; name = Base; path = Base.lproj/Main.storyboard; sourceTree = "<group>"; };
		DFFDEB371D86A9010098902B /* Assets.xcassets */ = {isa = PBXFileReference; lastKnownFileType = folder.assetcatalog; path = Assets.xcassets; sourceTree = "<group>"; };
		DFFDEB3A1D86A9010098902B /* Base */ = {isa = PBXFileReference; lastKnownFileType = file.storyboard; name = Base; path = Base.lproj/LaunchScreen.storyboard; sourceTree = "<group>"; };
		DFFDEB3C1D86A9010098902B /* Info.plist */ = {isa = PBXFileReference; lastKnownFileType = text.plist.xml; path = Info.plist; sourceTree = "<group>"; };
		DFFDEB421D86AB190098902B /* Person.h */ = {isa = PBXFileReference; fileEncoding = 4; lastKnownFileType = sourcecode.c.h; path = Person.h; sourceTree = "<group>"; };
		DFFDEB431D86AB190098902B /* Person.m */ = {isa = PBXFileReference; fileEncoding = 4; lastKnownFileType = sourcecode.c.objc; path = Person.m; sourceTree = "<group>"; };
/* End PBXFileReference section */

/* Begin PBXFrameworksBuildPhase section */
		DFFDEB251D86A9010098902B /* Frameworks */ = {
			isa = PBXFrameworksBuildPhase;
			buildActionMask = 2147483647;
			files = (
			);
			runOnlyForDeploymentPostprocessing = 0;
		};
/* End PBXFrameworksBuildPhase section */

/* Begin PBXGroup section */
		DFCCDDFF1DB6218500FECF8A /* Controller */ = {
			isa = PBXGroup;
			children = (
				DFFDEB311D86A9010098902B /* ViewController.h */,
				DFFDEB321D86A9010098902B /* ViewController.m */,
				DFCCDE061DB623A900FECF8A /* TestTableViewController.h */,
				DFCCDE071DB623A900FECF8A /* TestTableViewController.m */,
				DFCCDE081DB623A900FECF8A /* TestTableViewController.xib */,
			);
			name = Controller;
			sourceTree = "<group>";
		};
		DFCCDE001DB6219300FECF8A /* View */ = {
			isa = PBXGroup;
			children = (
				DFCCDE011DB621A700FECF8A /* TestCell.h */,
				DFCCDE021DB621A700FECF8A /* TestCell.m */,
				DFCCDE031DB621A700FECF8A /* TestCell.xib */,
				DFCCDE111DB633BB00FECF8A /* YiCustomAlertView.h */,
				DFCCDE121DB633BB00FECF8A /* YiCustomAlertView.m */,
			);
			name = View;
			sourceTree = "<group>";
		};
		DFFDEB1F1D86A9010098902B = {
			isa = PBXGroup;
			children = (
				DFFDEB2A1D86A9010098902B /* RuntimeDemo */,
				DFFDEB291D86A9010098902B /* Products */,
			);
			sourceTree = "<group>";
		};
		DFFDEB291D86A9010098902B /* Products */ = {
			isa = PBXGroup;
			children = (
				DFFDEB281D86A9010098902B /* RuntimeDemo.app */,
			);
			name = Products;
			sourceTree = "<group>";
		};
		DFFDEB2A1D86A9010098902B /* RuntimeDemo */ = {
			isa = PBXGroup;
			children = (
				DFCCDE001DB6219300FECF8A /* View */,
				DFCCDDFF1DB6218500FECF8A /* Controller */,
				DFFDEB2E1D86A9010098902B /* AppDelegate.h */,
				DFFDEB2F1D86A9010098902B /* AppDelegate.m */,
				DFFDEB341D86A9010098902B /* Main.storyboard */,
				DFFDEB371D86A9010098902B /* Assets.xcassets */,
				DFFDEB391D86A9010098902B /* LaunchScreen.storyboard */,
				DFFDEB3C1D86A9010098902B /* Info.plist */,
				DFFDEB2B1D86A9010098902B /* Supporting Files */,
				DFFDEB421D86AB190098902B /* Person.h */,
				DFFDEB431D86AB190098902B /* Person.m */,
			);
			path = RuntimeDemo;
			sourceTree = "<group>";
		};
		DFFDEB2B1D86A9010098902B /* Supporting Files */ = {
			isa = PBXGroup;
			children = (
				DFFDEB2C1D86A9010098902B /* main.m */,
			);
			name = "Supporting Files";
			sourceTree = "<group>";
		};
/* End PBXGroup section */

/* Begin PBXNativeTarget section */
		DFFDEB271D86A9010098902B /* RuntimeDemo */ = {
			isa = PBXNativeTarget;
			buildConfigurationList = DFFDEB3F1D86A9010098902B /* Build configuration list for PBXNativeTarget "RuntimeDemo" */;
			buildPhases = (
				DFFDEB241D86A9010098902B /* Sources */,
				DFFDEB251D86A9010098902B /* Frameworks */,
				DFFDEB261D86A9010098902B /* Resources */,
			);
			buildRules = (
			);
			dependencies = (
			);
			name = RuntimeDemo;
			productName = RuntimeDemo;
			productReference = DFFDEB281D86A9010098902B /* RuntimeDemo.app */;
			productType = "com.apple.product-type.application";
		};
/* End PBXNativeTarget section */

/* Begin PBXProject section */
		DFFDEB201D86A9010098902B /* Project object */ = {
			isa = PBXProject;
			attributes = {
				LastUpgradeCheck = 0820;
				ORGANIZATIONNAME = "姚胜龙";
				TargetAttributes = {
					DFFDEB271D86A9010098902B = {
						CreatedOnToolsVersion = 7.3.1;
					};
				};
			};
			buildConfigurationList = DFFDEB231D86A9010098902B /* Build configuration list for PBXProject "RuntimeDemo" */;
			compatibilityVersion = "Xcode 3.2";
			developmentRegion = English;
			hasScannedForEncodings = 0;
			knownRegions = (
				en,
				Base,
			);
			mainGroup = DFFDEB1F1D86A9010098902B;
			productRefGroup = DFFDEB291D86A9010098902B /* Products */;
			projectDirPath = "";
			projectRoot = "";
			targets = (
				DFFDEB271D86A9010098902B /* RuntimeDemo */,
			);
		};
/* End PBXProject section */

/* Begin PBXResourcesBuildPhase section */
		DFFDEB261D86A9010098902B /* Resources */ = {
			isa = PBXResourcesBuildPhase;
			buildActionMask = 2147483647;
			files = (
				DFFDEB3B1D86A9010098902B /* LaunchScreen.storyboard in Resources */,
				DFCCDE0A1DB623A900FECF8A /* TestTableViewController.xib in Resources */,
				DFFDEB381D86A9010098902B /* Assets.xcassets in Resources */,
				DFCCDE051DB621A700FECF8A /* TestCell.xib in Resources */,
				DFFDEB361D86A9010098902B /* Main.storyboard in Resources */,
			);
			runOnlyForDeploymentPostprocessing = 0;
		};
/* End PBXResourcesBuildPhase section */

/* Begin PBXSourcesBuildPhase section */
		DFFDEB241D86A9010098902B /* Sources */ = {
			isa = PBXSourcesBuildPhase;
			buildActionMask = 2147483647;
			files = (
				DFFDEB331D86A9010098902B /* ViewController.m in Sources */,
				DFCCDE041DB621A700FECF8A /* TestCell.m in Sources */,
				DFFDEB301D86A9010098902B /* AppDelegate.m in Sources */,
				DFCCDE091DB623A900FECF8A /* TestTableViewController.m in Sources */,
				DFCCDE131DB633BB00FECF8A /* YiCustomAlertView.m in Sources */,
				DFFDEB441D86AB190098902B /* Person.m in Sources */,
				DFFDEB2D1D86A9010098902B /* main.m in Sources */,
			);
			runOnlyForDeploymentPostprocessing = 0;
		};
/* End PBXSourcesBuildPhase section */

/* Begin PBXVariantGroup section */
		DFFDEB341D86A9010098902B /* Main.storyboard */ = {
			isa = PBXVariantGroup;
			children = (
				DFFDEB351D86A9010098902B /* Base */,
			);
			name = Main.storyboard;
			sourceTree = "<group>";
		};
		DFFDEB391D86A9010098902B /* LaunchScreen.storyboard */ = {
			isa = PBXVariantGroup;
			children = (
				DFFDEB3A1D86A9010098902B /* Base */,
			);
			name = LaunchScreen.storyboard;
			sourceTree = "<group>";
		};
/* End PBXVariantGroup section */

/* Begin XCBuildConfiguration section */
		DFFDEB3D1D86A9010098902B /* Debug */ = {
			isa = XCBuildConfiguration;
			buildSettings = {
				ALWAYS_SEARCH_USER_PATHS = NO;
				CLANG_ANALYZER_NONNULL = YES;
				CLANG_CXX_LANGUAGE_STANDARD = "gnu++0x";
				CLANG_CXX_LIBRARY = "libc++";
				CLANG_ENABLE_MODULES = YES;
				CLANG_ENABLE_OBJC_ARC = YES;
				CLANG_WARN_BOOL_CONVERSION = YES;
				CLANG_WARN_CONSTANT_CONVERSION = YES;
				CLANG_WARN_DIRECT_OBJC_ISA_USAGE = YES_ERROR;
				CLANG_WARN_EMPTY_BODY = YES;
				CLANG_WARN_ENUM_CONVERSION = YES;
				CLANG_WARN_INFINITE_RECURSION = YES;
				CLANG_WARN_INT_CONVERSION = YES;
				CLANG_WARN_OBJC_ROOT_CLASS = YES_ERROR;
				CLANG_WARN_SUSPICIOUS_MOVE = YES;
				CLANG_WARN_UNREACHABLE_CODE = YES;
				CLANG_WARN__DUPLICATE_METHOD_MATCH = YES;
				"CODE_SIGN_IDENTITY[sdk=iphoneos*]" = "iPhone Developer";
				COPY_PHASE_STRIP = NO;
				DEBUG_INFORMATION_FORMAT = dwarf;
				ENABLE_STRICT_OBJC_MSGSEND = NO;
				ENABLE_TESTABILITY = YES;
				GCC_C_LANGUAGE_STANDARD = gnu99;
				GCC_DYNAMIC_NO_PIC = NO;
				GCC_NO_COMMON_BLOCKS = YES;
				GCC_OPTIMIZATION_LEVEL = 0;
				GCC_PREPROCESSOR_DEFINITIONS = (
					"DEBUG=1",
					"$(inherited)",
				);
				GCC_WARN_64_TO_32_BIT_CONVERSION = YES;
				GCC_WARN_ABOUT_RETURN_TYPE = YES_ERROR;
				GCC_WARN_UNDECLARED_SELECTOR = YES;
				GCC_WARN_UNINITIALIZED_AUTOS = YES_AGGRESSIVE;
				GCC_WARN_UNUSED_FUNCTION = YES;
				GCC_WARN_UNUSED_VARIABLE = YES;
				IPHONEOS_DEPLOYMENT_TARGET = 8.0;
				MTL_ENABLE_DEBUG_INFO = YES;
				ONLY_ACTIVE_ARCH = YES;
				SDKROOT = iphoneos;
			};
			name = Debug;
		};
		DFFDEB3E1D86A9010098902B /* Release */ = {
			isa = XCBuildConfiguration;
			buildSettings = {
				ALWAYS_SEARCH_USER_PATHS = NO;
				CLANG_ANALYZER_NONNULL = YES;
				CLANG_CXX_LANGUAGE_STANDARD = "gnu++0x";
				CLANG_CXX_LIBRARY = "libc++";
				CLANG_ENABLE_MODULES = YES;
				CLANG_ENABLE_OBJC_ARC = YES;
				CLANG_WARN_BOOL_CONVERSION = YES;
				CLANG_WARN_CONSTANT_CONVERSION = YES;
				CLANG_WARN_DIRECT_OBJC_ISA_USAGE = YES_ERROR;
				CLANG_WARN_EMPTY_BODY = YES;
				CLANG_WARN_ENUM_CONVERSION = YES;
				CLANG_WARN_INFINITE_RECURSION = YES;
				CLANG_WARN_INT_CONVERSION = YES;
				CLANG_WARN_OBJC_ROOT_CLASS = YES_ERROR;
				CLANG_WARN_SUSPICIOUS_MOVE = YES;
				CLANG_WARN_UNREACHABLE_CODE = YES;
				CLANG_WARN__DUPLICATE_METHOD_MATCH = YES;
				"CODE_SIGN_IDENTITY[sdk=iphoneos*]" = "iPhone Developer";
				COPY_PHASE_STRIP = NO;
				DEBUG_INFORMATION_FORMAT = "dwarf-with-dsym";
				ENABLE_NS_ASSERTIONS = NO;
				ENABLE_STRICT_OBJC_MSGSEND = NO;
				GCC_C_LANGUAGE_STANDARD = gnu99;
				GCC_NO_COMMON_BLOCKS = YES;
				GCC_WARN_64_TO_32_BIT_CONVERSION = YES;
				GCC_WARN_ABOUT_RETURN_TYPE = YES_ERROR;
				GCC_WARN_UNDECLARED_SELECTOR = YES;
				GCC_WARN_UNINITIALIZED_AUTOS = YES_AGGRESSIVE;
				GCC_WARN_UNUSED_FUNCTION = YES;
				GCC_WARN_UNUSED_VARIABLE = YES;
				IPHONEOS_DEPLOYMENT_TARGET = 8.0;
				MTL_ENABLE_DEBUG_INFO = NO;
				SDKROOT = iphoneos;
				VALIDATE_PRODUCT = YES;
			};
			name = Release;
		};
		DFFDEB401D86A9010098902B /* Debug */ = {
			isa = XCBuildConfiguration;
			buildSettings = {
				ASSETCATALOG_COMPILER_APPICON_NAME = AppIcon;
				INFOPLIST_FILE = RuntimeDemo/Info.plist;
				LD_RUNPATH_SEARCH_PATHS = "$(inherited) @executable_path/Frameworks";
				PRODUCT_BUNDLE_IDENTIFIER = com.95vintage.RuntimeDemo;
				PRODUCT_NAME = "$(TARGET_NAME)";
			};
			name = Debug;
		};
		DFFDEB411D86A9010098902B /* Release */ = {
			isa = XCBuildConfiguration;
			buildSettings = {
				ASSETCATALOG_COMPILER_APPICON_NAME = AppIcon;
				INFOPLIST_FILE = RuntimeDemo/Info.plist;
				LD_RUNPATH_SEARCH_PATHS = "$(inherited) @executable_path/Frameworks";
				PRODUCT_BUNDLE_IDENTIFIER = com.95vintage.RuntimeDemo;
				PRODUCT_NAME = "$(TARGET_NAME)";
			};
			name = Release;
		};
/* End XCBuildConfiguration section */

/* Begin XCConfigurationList section */
		DFFDEB231D86A9010098902B /* Build configuration list for PBXProject "RuntimeDemo" */ = {
			isa = XCConfigurationList;
			buildConfigurations = (
				DFFDEB3D1D86A9010098902B /* Debug */,
				DFFDEB3E1D86A9010098902B /* Release */,
			);
			defaultConfigurationIsVisible = 0;
			defaultConfigurationName = Release;
		};
		DFFDEB3F1D86A9010098902B /* Build configuration list for PBXNativeTarget "RuntimeDemo" */ = {
			isa = XCConfigurationList;
			buildConfigurations = (
				DFFDEB401D86A9010098902B /* Debug */,
				DFFDEB411D86A9010098902B /* Release */,
			);
			defaultConfigurationIsVisible = 0;
			defaultConfigurationName = Release;
		};
/* End XCConfigurationList section */
	};
	rootObject = DFFDEB201D86A9010098902B /* Project object */;
}
